
Microsoft Visual Studio Solution File, Format Version 12.00
# Visual Studio Version 17
VisualStudioVersion = 17.0.31903.59
MinimumVisualStudioVersion = 10.0.40219.1
Project("{9A19103F-16F7-4668-BE54-9A1E7A4F7556}") = "Ao.Stock", "src\Ao.Stock\Ao.Stock.csproj", "{E801CEDD-87F9-474F-BF62-141424C2EF6F}"
EndProject
Project("{2150E333-8FDC-42A3-9474-1A3956D46DE8}") = "samples", "samples", "{18AFDE89-B6B8-45ED-97CB-2833637E1419}"
EndProject
Project("{9A19103F-16F7-4668-BE54-9A1E7A4F7556}") = "Ao.Stock.Kata", "src\Ao.Stock.Kata\Ao.Stock.Kata.csproj", "{B36E1B24-AA3E-409C-AF7B-F7BC1D7D7ABF}"
EndProject
Project("{9A19103F-16F7-4668-BE54-9A1E7A4F7556}") = "Ao.Stock.Sample.Kata", "samples\Ao.Stock.Sample.Kata\Ao.Stock.Sample.Kata.csproj", "{0E91E518-4775-411A-869D-B5E12D4F0104}"
EndProject
Project("{9A19103F-16F7-4668-BE54-9A1E7A4F7556}") = "Ao.Stock.Dynamics", "src\Ao.Stock.Dynamics\Ao.Stock.Dynamics.csproj", "{F737C1CB-1E03-45E3-BAC4-9107DA4BA082}"
EndProject
Project("{2150E333-8FDC-42A3-9474-1A3956D46DE8}") = "eng", "eng", "{A981BED9-2B9E-4F92-B0BD-2035059DB1F5}"
	ProjectSection(SolutionItems) = preProject
		eng\pkg.props = eng\pkg.props
	EndProjectSection
EndProject
Project("{9A19103F-16F7-4668-BE54-9A1E7A4F7556}") = "Ao.Stock.Kata.Copying", "src\Ao.Stock.Kata.Copying\Ao.Stock.Kata.Copying.csproj", "{246FE13C-4539-49AB-B6EF-1D56698FFBFC}"
EndProject
Project("{2150E333-8FDC-42A3-9474-1A3956D46DE8}") = "tests", "tests", "{2B3F1085-9D6E-496F-9ED8-16AAA6E41C3B}"
EndProject
Project("{9A19103F-16F7-4668-BE54-9A1E7A4F7556}") = "Ao.Stock.Test", "tests\Ao.Stock.Test\Ao.Stock.Test.csproj", "{1313567B-B09A-42AE-A029-F7FE8525C18F}"
EndProject
Project("{9A19103F-16F7-4668-BE54-9A1E7A4F7556}") = "Ao.Stock.Benchmarks", "tests\Ao.Stock.Benchmarks\Ao.Stock.Benchmarks.csproj", "{ED9D70E3-B66C-4381-94A1-27ED6DC3DE3D}"
EndProject
Global
	GlobalSection(SolutionConfigurationPlatforms) = preSolution
		Debug|Any CPU = Debug|Any CPU
		Net4|Any CPU = Net4|Any CPU
		net45|Any CPU = net45|Any CPU
		Release|Any CPU = Release|Any CPU
	EndGlobalSection
	GlobalSection(ProjectConfigurationPlatforms) = postSolution
		{E801CEDD-87F9-474F-BF62-141424C2EF6F}.Debug|Any CPU.ActiveCfg = Debug|Any CPU
		{E801CEDD-87F9-474F-BF62-141424C2EF6F}.Debug|Any CPU.Build.0 = Debug|Any CPU
		{E801CEDD-87F9-474F-BF62-141424C2EF6F}.Net4|Any CPU.ActiveCfg = Release|Any CPU
		{E801CEDD-87F9-474F-BF62-141424C2EF6F}.Net4|Any CPU.Build.0 = Release|Any CPU
		{E801CEDD-87F9-474F-BF62-141424C2EF6F}.net45|Any CPU.ActiveCfg = Release|Any CPU
		{E801CEDD-87F9-474F-BF62-141424C2EF6F}.net45|Any CPU.Build.0 = Release|Any CPU
		{E801CEDD-87F9-474F-BF62-141424C2EF6F}.Release|Any CPU.ActiveCfg = Release|Any CPU
		{E801CEDD-87F9-474F-BF62-141424C2EF6F}.Release|Any CPU.Build.0 = Release|Any CPU
		{B36E1B24-AA3E-409C-AF7B-F7BC1D7D7ABF}.Debug|Any CPU.ActiveCfg = Debug|Any CPU
		{B36E1B24-AA3E-409C-AF7B-F7BC1D7D7ABF}.Debug|Any CPU.Build.0 = Debug|Any CPU
		{B36E1B24-AA3E-409C-AF7B-F7BC1D7D7ABF}.Net4|Any CPU.ActiveCfg = Release|Any CPU
		{B36E1B24-AA3E-409C-AF7B-F7BC1D7D7ABF}.Net4|Any CPU.Build.0 = Release|Any CPU
		{B36E1B24-AA3E-409C-AF7B-F7BC1D7D7ABF}.net45|Any CPU.ActiveCfg = Release|Any CPU
		{B36E1B24-AA3E-409C-AF7B-F7BC1D7D7ABF}.net45|Any CPU.Build.0 = Release|Any CPU
		{B36E1B24-AA3E-409C-AF7B-F7BC1D7D7ABF}.Release|Any CPU.ActiveCfg = Release|Any CPU
		{B36E1B24-AA3E-409C-AF7B-F7BC1D7D7ABF}.Release|Any CPU.Build.0 = Release|Any CPU
		{0E91E518-4775-411A-869D-B5E12D4F0104}.Debug|Any CPU.ActiveCfg = Debug|Any CPU
		{0E91E518-4775-411A-869D-B5E12D4F0104}.Debug|Any CPU.Build.0 = Debug|Any CPU
		{0E91E518-4775-411A-869D-B5E12D4F0104}.Net4|Any CPU.ActiveCfg = Release|Any CPU
		{0E91E518-4775-411A-869D-B5E12D4F0104}.Net4|Any CPU.Build.0 = Release|Any CPU
		{0E91E518-4775-411A-869D-B5E12D4F0104}.net45|Any CPU.ActiveCfg = Release|Any CPU
		{0E91E518-4775-411A-869D-B5E12D4F0104}.net45|Any CPU.Build.0 = Release|Any CPU
		{0E91E518-4775-411A-869D-B5E12D4F0104}.Release|Any CPU.ActiveCfg = Release|Any CPU
		{0E91E518-4775-411A-869D-B5E12D4F0104}.Release|Any CPU.Build.0 = Release|Any CPU
		{F737C1CB-1E03-45E3-BAC4-9107DA4BA082}.Debug|Any CPU.ActiveCfg = Debug|Any CPU
		{F737C1CB-1E03-45E3-BAC4-9107DA4BA082}.Debug|Any CPU.Build.0 = Debug|Any CPU
		{F737C1CB-1E03-45E3-BAC4-9107DA4BA082}.Net4|Any CPU.ActiveCfg = Release|Any CPU
		{F737C1CB-1E03-45E3-BAC4-9107DA4BA082}.Net4|Any CPU.Build.0 = Release|Any CPU
		{F737C1CB-1E03-45E3-BAC4-9107DA4BA082}.net45|Any CPU.ActiveCfg = Release|Any CPU
		{F737C1CB-1E03-45E3-BAC4-9107DA4BA082}.net45|Any CPU.Build.0 = Release|Any CPU
		{F737C1CB-1E03-45E3-BAC4-9107DA4BA082}.Release|Any CPU.ActiveCfg = Release|Any CPU
		{F737C1CB-1E03-45E3-BAC4-9107DA4BA082}.Release|Any CPU.Build.0 = Release|Any CPU
		{246FE13C-4539-49AB-B6EF-1D56698FFBFC}.Debug|Any CPU.ActiveCfg = Debug|Any CPU
		{246FE13C-4539-49AB-B6EF-1D56698FFBFC}.Debug|Any CPU.Build.0 = Debug|Any CPU
		{246FE13C-4539-49AB-B6EF-1D56698FFBFC}.Net4|Any CPU.ActiveCfg = Release|Any CPU
		{246FE13C-4539-49AB-B6EF-1D56698FFBFC}.Net4|Any CPU.Build.0 = Release|Any CPU
		{246FE13C-4539-49AB-B6EF-1D56698FFBFC}.net45|Any CPU.ActiveCfg = Release|Any CPU
		{246FE13C-4539-49AB-B6EF-1D56698FFBFC}.net45|Any CPU.Build.0 = Release|Any CPU
		{246FE13C-4539-49AB-B6EF-1D56698FFBFC}.Release|Any CPU.ActiveCfg = Release|Any CPU
		{246FE13C-4539-49AB-B6EF-1D56698FFBFC}.Release|Any CPU.Build.0 = Release|Any CPU
		{1313567B-B09A-42AE-A029-F7FE8525C18F}.Debug|Any CPU.ActiveCfg = Debug|Any CPU
		{1313567B-B09A-42AE-A029-F7FE8525C18F}.Debug|Any CPU.Build.0 = Debug|Any CPU
		{1313567B-B09A-42AE-A029-F7FE8525C18F}.Net4|Any CPU.ActiveCfg = Release|Any CPU
		{1313567B-B09A-42AE-A029-F7FE8525C18F}.Net4|Any CPU.Build.0 = Release|Any CPU
		{1313567B-B09A-42AE-A029-F7FE8525C18F}.net45|Any CPU.ActiveCfg = Release|Any CPU
		{1313567B-B09A-42AE-A029-F7FE8525C18F}.net45|Any CPU.Build.0 = Release|Any CPU
		{1313567B-B09A-42AE-A029-F7FE8525C18F}.Release|Any CPU.ActiveCfg = Release|Any CPU
		{1313567B-B09A-42AE-A029-F7FE8525C18F}.Release|Any CPU.Build.0 = Release|Any CPU
		{ED9D70E3-B66C-4381-94A1-27ED6DC3DE3D}.Debug|Any CPU.ActiveCfg = Debug|Any CPU
		{ED9D70E3-B66C-4381-94A1-27ED6DC3DE3D}.Debug|Any CPU.Build.0 = Debug|Any CPU
		{ED9D70E3-B66C-4381-94A1-27ED6DC3DE3D}.Net4|Any CPU.ActiveCfg = Release|Any CPU
		{ED9D70E3-B66C-4381-94A1-27ED6DC3DE3D}.Net4|Any CPU.Build.0 = Release|Any CPU
		{ED9D70E3-B66C-4381-94A1-27ED6DC3DE3D}.net45|Any CPU.ActiveCfg = Release|Any CPU
		{ED9D70E3-B66C-4381-94A1-27ED6DC3DE3D}.net45|Any CPU.Build.0 = Release|Any CPU
		{ED9D70E3-B66C-4381-94A1-27ED6DC3DE3D}.Release|Any CPU.ActiveCfg = Release|Any CPU
		{ED9D70E3-B66C-4381-94A1-27ED6DC3DE3D}.Release|Any CPU.Build.0 = Release|Any CPU
	EndGlobalSection
	GlobalSection(SolutionProperties) = preSolution
		HideSolutionNode = FALSE
	EndGlobalSection
	GlobalSection(NestedProjects) = preSolution
		{0E91E518-4775-411A-869D-B5E12D4F0104} = {18AFDE89-B6B8-45ED-97CB-2833637E1419}
		{1313567B-B09A-42AE-A029-F7FE8525C18F} = {2B3F1085-9D6E-496F-9ED8-16AAA6E41C3B}
		{ED9D70E3-B66C-4381-94A1-27ED6DC3DE3D} = {2B3F1085-9D6E-496F-9ED8-16AAA6E41C3B}
	EndGlobalSection
	GlobalSection(ExtensibilityGlobals) = postSolution
		SolutionGuid = {A46E8088-BF9D-4D37-BD69-9B957A02B5BF}
	EndGlobalSection
EndGlobal
